
Microsoft Visual Studio Solution File, Format Version 12.00
# Visual Studio Version 17
VisualStudioVersion = 17.9.34616.47
MinimumVisualStudioVersion = 10.0.40219.1
Project("{FAE04EC0-301F-11D3-BF4B-00C04F79EFBC}") = "thuyettrinh_nhom2", "thuyettrinh_nhom2\thuyettrinh_nhom2.csproj", "{AB2B73CC-2FF2-4904-84DC-25D24C67BCB1}"
EndProject
Global
	GlobalSection(SolutionConfigurationPlatforms) = preSolution
		Debug|Any CPU = Debug|Any CPU
		Release|Any CPU = Release|Any CPU
	EndGlobalSection
	GlobalSection(ProjectConfigurationPlatforms) = postSolution
		{AB2B73CC-2FF2-4904-84DC-25D24C67BCB1}.Debug|Any CPU.ActiveCfg = Debug|Any CPU
		{AB2B73CC-2FF2-4904-84DC-25D24C67BCB1}.Debug|Any CPU.Build.0 = Debug|Any CPU
		{AB2B73CC-2FF2-4904-84DC-25D24C67BCB1}.Release|Any CPU.ActiveCfg = Release|Any CPU
		{AB2B73CC-2FF2-4904-84DC-25D24C67BCB1}.Release|Any CPU.Build.0 = Release|Any CPU
	EndGlobalSection
	GlobalSection(SolutionProperties) = preSolution
		HideSolutionNode = FALSE
	EndGlobalSection
	GlobalSection(ExtensibilityGlobals) = postSolution
		SolutionGuid = {0A660C9B-DB75-460A-803D-A62C6DF476F5}
	EndGlobalSection
EndGlobal
